{
	"name": "binlist-data",
	"requires": true,
	"lockfileVersion": 1,
	"dependencies": {
		"buffer-alloc": {
			"version": "1.1.0",
			"resolved": "https://registry.npmjs.org/buffer-alloc/-/buffer-alloc-1.1.0.tgz",
			"integrity": "sha1-BVFNM78WVtNUDGhPZbEgLpDsowM=",
			"requires": {
				"buffer-alloc-unsafe": "0.1.1",
				"buffer-fill": "0.1.1"
			}
		},
		"buffer-alloc-unsafe": {
			"version": "0.1.1",
			"resolved": "https://registry.npmjs.org/buffer-alloc-unsafe/-/buffer-alloc-unsafe-0.1.1.tgz",
			"integrity": "sha1-/+H2dVHdBVc33iUzN7/oU9+rGmo="
		},
		"buffer-fill": {
			"version": "0.1.1",
			"resolved": "https://registry.npmjs.org/buffer-fill/-/buffer-fill-0.1.1.tgz",
			"integrity": "sha512-YgBMBzdRLEfgxJIGu2wrvI2E03tMCFU1p7d1KhB4BOoMN0VxmTFjSyN5JtKt9z8Z9JajMHruI6SE25W96wNv7Q=="
		},
		"buffer-from": {
			"version": "1.0.0",
			"resolved": "https://registry.npmjs.org/buffer-from/-/buffer-from-1.0.0.tgz",
			"integrity": "sha512-83apNb8KK0Se60UE1+4Ukbe3HbfELJ6UlI4ldtOGs7So4KD26orJM8hIY9lxdzP+UpItH1Yh/Y8GUvNFWFFRxA=="
		},
		"core-util-is": {
			"version": "1.0.2",
			"resolved": "https://registry.npmjs.org/core-util-is/-/core-util-is-1.0.2.tgz",
			"integrity": "sha1-tf1UIgqivFq1eqtxQMlAdUUDwac="
		},
		"csv-parse": {
			"version": "2.4.0",
			"resolved": "https://registry.npmjs.org/csv-parse/-/csv-parse-2.4.0.tgz",
			"integrity": "sha512-C/Biz45WWkL7yGvzyD4ONDMaQFHC/nIrSCOh9YCEBLsDQ4JOSDsgp7oyTFvOaMwvI/OVfJ7qLIPcx00Dk/7USw=="
		},
		"csv-parser": {
			"version": "1.12.1",
			"resolved": "https://registry.npmjs.org/csv-parser/-/csv-parser-1.12.1.tgz",
			"integrity": "sha512-r45M92nLnGP246ot0Yo5RvbiiMF5Bw/OTIdWJ3OQ4Vbv4hpOeoXVIPxdSmUw+fPJlQOseY+iigJyLSfPMIrddQ==",
			"requires": {
				"buffer-alloc": "1.1.0",
				"buffer-from": "1.0.0",
				"generate-function": "1.1.0",
				"generate-object-property": "1.2.0",
				"inherits": "2.0.3",
				"minimist": "1.2.0",
				"ndjson": "1.5.0"
			}
		},
		"generate-function": {
			"version": "1.1.0",
			"resolved": "https://registry.npmjs.org/generate-function/-/generate-function-1.1.0.tgz",
			"integrity": "sha1-VMIbCAGSsW2Yd3ecW7gWZudyNl8="
		},
		"generate-object-property": {
			"version": "1.2.0",
			"resolved": "https://registry.npmjs.org/generate-object-property/-/generate-object-property-1.2.0.tgz",
			"integrity": "sha1-nA4cQDCM6AT0eDYYuTf6iPmdUNA=",
			"requires": {
				"is-property": "1.0.2"
			}
		},
		"inherits": {
			"version": "2.0.3",
			"resolved": "https://registry.npmjs.org/inherits/-/inherits-2.0.3.tgz",
			"integrity": "sha1-Yzwsg+PaQqUC9SRmAiSA9CCCYd4="
		},
		"is-property": {
			"version": "1.0.2",
			"resolved": "https://registry.npmjs.org/is-property/-/is-property-1.0.2.tgz",
			"integrity": "sha1-V/4cTkhHTt1lsJkR8msc1Ald2oQ="
		},
		"isarray": {
			"version": "1.0.0",
			"resolved": "https://registry.npmjs.org/isarray/-/isarray-1.0.0.tgz",
			"integrity": "sha1-u5NdSFgsuhaMBoNJV6VKPgcSTxE="
		},
		"iso-3166-1-codes": {
			"version": "1.0.0",
			"resolved": "https://registry.npmjs.org/iso-3166-1-codes/-/iso-3166-1-codes-1.0.0.tgz",
			"integrity": "sha1-84IohBYubwi/tlxKjAga7UsN9nY="
		},
		"json-stringify-safe": {
			"version": "5.0.1",
			"resolved": "https://registry.npmjs.org/json-stringify-safe/-/json-stringify-safe-5.0.1.tgz",
			"integrity": "sha1-Epai1Y/UXxmg9s4B1lcB4sc1tus="
		},
		"minimist": {
			"version": "1.2.0",
			"resolved": "https://registry.npmjs.org/minimist/-/minimist-1.2.0.tgz",
			"integrity": "sha1-o1AIsg9BOD7sH7kU9M1d95omQoQ="
		},
		"ndjson": {
			"version": "1.5.0",
			"resolved": "https://registry.npmjs.org/ndjson/-/ndjson-1.5.0.tgz",
			"integrity": "sha1-rmA7NrE0vOw0e0UkIrC/mNWDLsg=",
			"requires": {
				"json-stringify-safe": "5.0.1",
				"minimist": "1.2.0",
				"split2": "2.2.0",
				"through2": "2.0.3"
			}
		},
		"process-nextick-args": {
			"version": "2.0.0",
			"resolved": "https://registry.npmjs.org/process-nextick-args/-/process-nextick-args-2.0.0.tgz",
			"integrity": "sha512-MtEC1TqN0EU5nephaJ4rAtThHtC86dNN9qCuEhtshvpVBkAW5ZO7BASN9REnF9eoXGcRub+pFuKEpOHE+HbEMw=="
		},
		"readable-stream": {
			"version": "2.3.6",
			"resolved": "https://registry.npmjs.org/readable-stream/-/readable-stream-2.3.6.tgz",
			"integrity": "sha512-tQtKA9WIAhBF3+VLAseyMqZeBjW0AHJoxOtYqSUZNJxauErmLbVm2FW1y+J/YA9dUrAC39ITejlZWhVIwawkKw==",
			"requires": {
				"core-util-is": "1.0.2",
				"inherits": "2.0.3",
				"isarray": "1.0.0",
				"process-nextick-args": "2.0.0",
				"safe-buffer": "5.1.2",
				"string_decoder": "1.1.1",
				"util-deprecate": "1.0.2"
			}
		},
		"safe-buffer": {
			"version": "5.1.2",
			"resolved": "https://registry.npmjs.org/safe-buffer/-/safe-buffer-5.1.2.tgz",
			"integrity": "sha512-Gd2UZBJDkXlY7GbJxfsE8/nvKkUEU1G38c1siN6QP6a9PT9MmHB8GnpscSmMJSoF8LOIrt8ud/wPtojys4G6+g=="
		},
		"split2": {
			"version": "2.2.0",
			"resolved": "https://registry.npmjs.org/split2/-/split2-2.2.0.tgz",
			"integrity": "sha512-RAb22TG39LhI31MbreBgIuKiIKhVsawfTgEGqKHTK87aG+ul/PB8Sqoi3I7kVdRWiCfrKxK3uo4/YUkpNvhPbw==",
			"requires": {
				"through2": "2.0.3"
			}
		},
		"string_decoder": {
			"version": "1.1.1",
			"resolved": "https://registry.npmjs.org/string_decoder/-/string_decoder-1.1.1.tgz",
			"integrity": "sha512-n/ShnvDi6FHbbVfviro+WojiFzv+s8MPMHBczVePfUpDJLwoLT0ht1l4YwBCbi8pJAveEEdnkHyPyTP/mzRfwg==",
			"requires": {
				"safe-buffer": "5.1.2"
			}
		},
		"through2": {
			"version": "2.0.3",
			"resolved": "https://registry.npmjs.org/through2/-/through2-2.0.3.tgz",
			"integrity": "sha1-AARWmzfHx0ujnEPzzteNGtlBQL4=",
			"requires": {
				"readable-stream": "2.3.6",
				"xtend": "4.0.1"
			}
		},
		"util-deprecate": {
			"version": "1.0.2",
			"resolved": "https://registry.npmjs.org/util-deprecate/-/util-deprecate-1.0.2.tgz",
			"integrity": "sha1-RQ1Nyfpw3nMnYvvS1KKJgUGaDM8="
		},
		"xtend": {
			"version": "4.0.1",
			"resolved": "https://registry.npmjs.org/xtend/-/xtend-4.0.1.tgz",
			"integrity": "sha1-pcbVMr5lbiPbgg77lDofBJmNY68="
		}
	}
}
